
Microsoft Visual Studio Solution File, Format Version 12.00
# Visual Studio 2013
VisualStudioVersion = 12.0.40629.0
MinimumVisualStudioVersion = 10.0.40219.1
Project("{8BC9CEB8-8B4A-11D0-8D11-00A0C91BC942}") = "OpenGL-basico", "OpenGL-basico\OpenGL-basico.vcxproj", "{253970C5-4794-4D0E-AC65-24BFFE03C8A7}"
EndProject
Global
	GlobalSection(SolutionConfigurationPlatforms) = preSolution
		Debug|Win32 = Debug|Win32
		Release|Win32 = Release|Win32
	EndGlobalSection
	GlobalSection(ProjectConfigurationPlatforms) = postSolution
		{253970C5-4794-4D0E-AC65-24BFFE03C8A7}.Debug|Win32.ActiveCfg = Debug|Win32
		{253970C5-4794-4D0E-AC65-24BFFE03C8A7}.Debug|Win32.Build.0 = Debug|Win32
		{253970C5-4794-4D0E-AC65-24BFFE03C8A7}.Release|Win32.ActiveCfg = Release|Win32
		{253970C5-4794-4D0E-AC65-24BFFE03C8A7}.Release|Win32.Build.0 = Release|Win32
	EndGlobalSection
	GlobalSection(SolutionProperties) = preSolution
		HideSolutionNode = FALSE
	EndGlobalSection
EndGlobal
