
Microsoft Visual Studio Solution File, Format Version 12.00
# Visual Studio Version 17
Project("{8BC9CEB8-8B4A-11D0-8D11-00A0C91BC942}") = "ALL_BUILD", "ALL_BUILD.vcxproj", "{7F3ED5FA-E04D-36AF-B4F0-77A8522BE143}"
	ProjectSection(ProjectDependencies) = postProject
		{4D976D4C-0079-3E0E-A65A-28EA47864F30} = {4D976D4C-0079-3E0E-A65A-28EA47864F30}
		{9A602AC4-D07F-31B0-B6B7-9B30E108B1FD} = {9A602AC4-D07F-31B0-B6B7-9B30E108B1FD}
	EndProjectSection
EndProject
Project("{8BC9CEB8-8B4A-11D0-8D11-00A0C91BC942}") = "INSTALL", "INSTALL.vcxproj", "{4C698578-56B2-33B4-8A91-D825B8ABCAE1}"
	ProjectSection(ProjectDependencies) = postProject
		{7F3ED5FA-E04D-36AF-B4F0-77A8522BE143} = {7F3ED5FA-E04D-36AF-B4F0-77A8522BE143}
		{4D976D4C-0079-3E0E-A65A-28EA47864F30} = {4D976D4C-0079-3E0E-A65A-28EA47864F30}
	EndProjectSection
EndProject
Project("{8BC9CEB8-8B4A-11D0-8D11-00A0C91BC942}") = "ZERO_CHECK", "..\..\\ZERO_CHECK.vcxproj", "{4D976D4C-0079-3E0E-A65A-28EA47864F30}"
	ProjectSection(ProjectDependencies) = postProject
	EndProjectSection
EndProject
Project("{8BC9CEB8-8B4A-11D0-8D11-00A0C91BC942}") = "zlibstatic", "zlibstatic.vcxproj", "{9A602AC4-D07F-31B0-B6B7-9B30E108B1FD}"
	ProjectSection(ProjectDependencies) = postProject
		{4D976D4C-0079-3E0E-A65A-28EA47864F30} = {4D976D4C-0079-3E0E-A65A-28EA47864F30}
	EndProjectSection
EndProject
Global
	GlobalSection(SolutionConfigurationPlatforms) = preSolution
		Debug|WIN32 = Debug|WIN32
		Release|WIN32 = Release|WIN32
		MinSizeRel|WIN32 = MinSizeRel|WIN32
		RelWithDebInfo|WIN32 = RelWithDebInfo|WIN32
	EndGlobalSection
	GlobalSection(ProjectConfigurationPlatforms) = postSolution
		{7F3ED5FA-E04D-36AF-B4F0-77A8522BE143}.Debug|WIN32.ActiveCfg = Debug|WIN32
		{7F3ED5FA-E04D-36AF-B4F0-77A8522BE143}.Debug|WIN32.Build.0 = Debug|WIN32
		{7F3ED5FA-E04D-36AF-B4F0-77A8522BE143}.Release|WIN32.ActiveCfg = Release|WIN32
		{7F3ED5FA-E04D-36AF-B4F0-77A8522BE143}.Release|WIN32.Build.0 = Release|WIN32
		{7F3ED5FA-E04D-36AF-B4F0-77A8522BE143}.MinSizeRel|WIN32.ActiveCfg = MinSizeRel|WIN32
		{7F3ED5FA-E04D-36AF-B4F0-77A8522BE143}.MinSizeRel|WIN32.Build.0 = MinSizeRel|WIN32
		{7F3ED5FA-E04D-36AF-B4F0-77A8522BE143}.RelWithDebInfo|WIN32.ActiveCfg = RelWithDebInfo|WIN32
		{7F3ED5FA-E04D-36AF-B4F0-77A8522BE143}.RelWithDebInfo|WIN32.Build.0 = RelWithDebInfo|WIN32
		{4C698578-56B2-33B4-8A91-D825B8ABCAE1}.Debug|WIN32.ActiveCfg = Debug|WIN32
		{4C698578-56B2-33B4-8A91-D825B8ABCAE1}.Release|WIN32.ActiveCfg = Release|WIN32
		{4C698578-56B2-33B4-8A91-D825B8ABCAE1}.MinSizeRel|WIN32.ActiveCfg = MinSizeRel|WIN32
		{4C698578-56B2-33B4-8A91-D825B8ABCAE1}.RelWithDebInfo|WIN32.ActiveCfg = RelWithDebInfo|WIN32
		{4D976D4C-0079-3E0E-A65A-28EA47864F30}.Debug|WIN32.ActiveCfg = Debug|WIN32
		{4D976D4C-0079-3E0E-A65A-28EA47864F30}.Debug|WIN32.Build.0 = Debug|WIN32
		{4D976D4C-0079-3E0E-A65A-28EA47864F30}.Release|WIN32.ActiveCfg = Release|WIN32
		{4D976D4C-0079-3E0E-A65A-28EA47864F30}.Release|WIN32.Build.0 = Release|WIN32
		{4D976D4C-0079-3E0E-A65A-28EA47864F30}.MinSizeRel|WIN32.ActiveCfg = MinSizeRel|WIN32
		{4D976D4C-0079-3E0E-A65A-28EA47864F30}.MinSizeRel|WIN32.Build.0 = MinSizeRel|WIN32
		{4D976D4C-0079-3E0E-A65A-28EA47864F30}.RelWithDebInfo|WIN32.ActiveCfg = RelWithDebInfo|WIN32
		{4D976D4C-0079-3E0E-A65A-28EA47864F30}.RelWithDebInfo|WIN32.Build.0 = RelWithDebInfo|WIN32
		{9A602AC4-D07F-31B0-B6B7-9B30E108B1FD}.Debug|WIN32.ActiveCfg = Debug|WIN32
		{9A602AC4-D07F-31B0-B6B7-9B30E108B1FD}.Debug|WIN32.Build.0 = Debug|WIN32
		{9A602AC4-D07F-31B0-B6B7-9B30E108B1FD}.Release|WIN32.ActiveCfg = Release|WIN32
		{9A602AC4-D07F-31B0-B6B7-9B30E108B1FD}.Release|WIN32.Build.0 = Release|WIN32
		{9A602AC4-D07F-31B0-B6B7-9B30E108B1FD}.MinSizeRel|WIN32.ActiveCfg = MinSizeRel|WIN32
		{9A602AC4-D07F-31B0-B6B7-9B30E108B1FD}.MinSizeRel|WIN32.Build.0 = MinSizeRel|WIN32
		{9A602AC4-D07F-31B0-B6B7-9B30E108B1FD}.RelWithDebInfo|WIN32.ActiveCfg = RelWithDebInfo|WIN32
		{9A602AC4-D07F-31B0-B6B7-9B30E108B1FD}.RelWithDebInfo|WIN32.Build.0 = RelWithDebInfo|WIN32
	EndGlobalSection
	GlobalSection(ExtensibilityGlobals) = postSolution
		SolutionGuid = {0676E525-557B-3884-8ED7-7484BF96372D}
	EndGlobalSection
	GlobalSection(ExtensibilityAddIns) = postSolution
	EndGlobalSection
EndGlobal
